// !$*UTF8*$!
{
	archiveVersion = 1;
	classes = {
	};
	objectVersion = 50;
	objects = {

/* Begin PBXBuildFile section */
		0C1FFA302556A142008B5CD1 /* Man.m in Sources */ = {isa = PBXBuildFile; fileRef = 0C1FFA2F2556A142008B5CD1 /* Man.m */; };
		0C1FFA342556A14C008B5CD1 /* Woman.m in Sources */ = {isa = PBXBuildFile; fileRef = 0C1FFA332556A14C008B5CD1 /* Woman.m */; };
		0C1FFA3D25579986008B5CD1 /* Person+Relations.m in Sources */ = {isa = PBXBuildFile; fileRef = 0C1FFA3C25579986008B5CD1 /* Person+Relations.m */; };
		0C1FFA422557A7DD008B5CD1 /* Ship.m in Sources */ = {isa = PBXBuildFile; fileRef = 0C1FFA412557A7DD008B5CD1 /* Ship.m */; };
		0C1FFA472557A9C5008B5CD1 /* DemoMain.m in Sources */ = {isa = PBXBuildFile; fileRef = 0C1FFA462557A9C5008B5CD1 /* DemoMain.m */; };
		0C661E7325564B1B002BDB7B /* main.m in Sources */ = {isa = PBXBuildFile; fileRef = 0C661E7225564B1B002BDB7B /* main.m */; };
		0C661E7C2556894F002BDB7B /* Fraction.m in Sources */ = {isa = PBXBuildFile; fileRef = 0C661E7B2556894F002BDB7B /* Fraction.m */; };
		0C661E842556955F002BDB7B /* Person.m in Sources */ = {isa = PBXBuildFile; fileRef = 0C661E832556955F002BDB7B /* Person.m */; };
		A426A0F426676B1D0045067B /* HelloNSArray.m in Sources */ = {isa = PBXBuildFile; fileRef = A426A0F326676B1D0045067B /* HelloNSArray.m */; };
		A426A0F826676B3A0045067B /* HelloNSDict.m in Sources */ = {isa = PBXBuildFile; fileRef = A426A0F726676B3A0045067B /* HelloNSDict.m */; };
		A426A0FC26676CE20045067B /* HelloNSString.m in Sources */ = {isa = PBXBuildFile; fileRef = A426A0FB26676CE20045067B /* HelloNSString.m */; };
		A426A10126676D120045067B /* HelloCase.m in Sources */ = {isa = PBXBuildFile; fileRef = A426A10026676D120045067B /* HelloCase.m */; };
		A426A2972669C1E70045067B /* HelloSingleton.m in Sources */ = {isa = PBXBuildFile; fileRef = A426A2962669C1E70045067B /* HelloSingleton.m */; };
		A426A345266E40270045067B /* Card.m in Sources */ = {isa = PBXBuildFile; fileRef = A426A344266E40260045067B /* Card.m */; };
		A426A354266E41420045067B /* Card+Local.m in Sources */ = {isa = PBXBuildFile; fileRef = A426A353266E41420045067B /* Card+Local.m */; };
		A426A358266E41650045067B /* Card+Public.m in Sources */ = {isa = PBXBuildFile; fileRef = A426A357266E41650045067B /* Card+Public.m */; };
		A426A35C266E42220045067B /* CardTest.m in Sources */ = {isa = PBXBuildFile; fileRef = A426A35B266E42220045067B /* CardTest.m */; };
		A4928FD8255D155800D82EF3 /* HelloNil.m in Sources */ = {isa = PBXBuildFile; fileRef = A4928FD7255D155800D82EF3 /* HelloNil.m */; };
		A4928FDD255D169600D82EF3 /* PersonFactory.m in Sources */ = {isa = PBXBuildFile; fileRef = A4928FDC255D169600D82EF3 /* PersonFactory.m */; };
		A4DEF4B9255E5DB00076D5D1 /* ComponentOne.m in Sources */ = {isa = PBXBuildFile; fileRef = A4DEF4B8255E5DB00076D5D1 /* ComponentOne.m */; };
		A4DEF4BD255E5E0F0076D5D1 /* ComponentTwo.m in Sources */ = {isa = PBXBuildFile; fileRef = A4DEF4BC255E5E0F0076D5D1 /* ComponentTwo.m */; };
		A4DEF4C1255E5E7A0076D5D1 /* Controler.m in Sources */ = {isa = PBXBuildFile; fileRef = A4DEF4C0255E5E7A0076D5D1 /* Controler.m */; };
		A4DEF4C7255E7A1E0076D5D1 /* HelloBlock.m in Sources */ = {isa = PBXBuildFile; fileRef = A4DEF4C6255E7A1E0076D5D1 /* HelloBlock.m */; };
		A4DEF4CB2562570E0076D5D1 /* HelloExtern.m in Sources */ = {isa = PBXBuildFile; fileRef = A4DEF4CA2562570E0076D5D1 /* HelloExtern.m */; };
		A4DEF4D125625FC50076D5D1 /* HelloStaticKeyword.m in Sources */ = {isa = PBXBuildFile; fileRef = A4DEF4D025625FC50076D5D1 /* HelloStaticKeyword.m */; };
/* End PBXBuildFile section */

/* Begin PBXCopyFilesBuildPhase section */
		0C661E6D25564B1A002BDB7B /* CopyFiles */ = {
			isa = PBXCopyFilesBuildPhase;
			buildActionMask = 2147483647;
			dstPath = /usr/share/man/man1/;
			dstSubfolderSpec = 0;
			files = (
			);
			runOnlyForDeploymentPostprocessing = 1;
		};
/* End PBXCopyFilesBuildPhase section */

/* Begin PBXFileReference section */
		0C1FFA2E2556A142008B5CD1 /* Man.h */ = {isa = PBXFileReference; lastKnownFileType = sourcecode.c.h; path = Man.h; sourceTree = "<group>"; };
		0C1FFA2F2556A142008B5CD1 /* Man.m */ = {isa = PBXFileReference; lastKnownFileType = sourcecode.c.objc; path = Man.m; sourceTree = "<group>"; };
		0C1FFA322556A14C008B5CD1 /* Woman.h */ = {isa = PBXFileReference; lastKnownFileType = sourcecode.c.h; path = Woman.h; sourceTree = "<group>"; };
		0C1FFA332556A14C008B5CD1 /* Woman.m */ = {isa = PBXFileReference; lastKnownFileType = sourcecode.c.objc; path = Woman.m; sourceTree = "<group>"; };
		0C1FFA3B25579986008B5CD1 /* Person+Relations.h */ = {isa = PBXFileReference; lastKnownFileType = sourcecode.c.h; path = "Person+Relations.h"; sourceTree = "<group>"; };
		0C1FFA3C25579986008B5CD1 /* Person+Relations.m */ = {isa = PBXFileReference; lastKnownFileType = sourcecode.c.objc; path = "Person+Relations.m"; sourceTree = "<group>"; };
		0C1FFA402557A7DD008B5CD1 /* Ship.h */ = {isa = PBXFileReference; lastKnownFileType = sourcecode.c.h; path = Ship.h; sourceTree = "<group>"; };
		0C1FFA412557A7DD008B5CD1 /* Ship.m */ = {isa = PBXFileReference; lastKnownFileType = sourcecode.c.objc; path = Ship.m; sourceTree = "<group>"; };
		0C1FFA452557A9C5008B5CD1 /* DemoMain.h */ = {isa = PBXFileReference; lastKnownFileType = sourcecode.c.h; path = DemoMain.h; sourceTree = "<group>"; };
		0C1FFA462557A9C5008B5CD1 /* DemoMain.m */ = {isa = PBXFileReference; lastKnownFileType = sourcecode.c.objc; path = DemoMain.m; sourceTree = "<group>"; };
		0C661E6F25564B1B002BDB7B /* HelloOC */ = {isa = PBXFileReference; explicitFileType = "compiled.mach-o.executable"; includeInIndex = 0; path = HelloOC; sourceTree = BUILT_PRODUCTS_DIR; };
		0C661E7225564B1B002BDB7B /* main.m */ = {isa = PBXFileReference; lastKnownFileType = sourcecode.c.objc; path = main.m; sourceTree = "<group>"; };
		0C661E7A2556894F002BDB7B /* Fraction.h */ = {isa = PBXFileReference; lastKnownFileType = sourcecode.c.h; path = Fraction.h; sourceTree = "<group>"; };
		0C661E7B2556894F002BDB7B /* Fraction.m */ = {isa = PBXFileReference; lastKnownFileType = sourcecode.c.objc; path = Fraction.m; sourceTree = "<group>"; };
		0C661E822556955F002BDB7B /* Person.h */ = {isa = PBXFileReference; lastKnownFileType = sourcecode.c.h; path = Person.h; sourceTree = "<group>"; };
		0C661E832556955F002BDB7B /* Person.m */ = {isa = PBXFileReference; lastKnownFileType = sourcecode.c.objc; path = Person.m; sourceTree = "<group>"; };
		A426A0F226676B1D0045067B /* HelloNSArray.h */ = {isa = PBXFileReference; lastKnownFileType = sourcecode.c.h; path = HelloNSArray.h; sourceTree = "<group>"; };
		A426A0F326676B1D0045067B /* HelloNSArray.m */ = {isa = PBXFileReference; lastKnownFileType = sourcecode.c.objc; path = HelloNSArray.m; sourceTree = "<group>"; };
		A426A0F626676B3A0045067B /* HelloNSDict.h */ = {isa = PBXFileReference; lastKnownFileType = sourcecode.c.h; path = HelloNSDict.h; sourceTree = "<group>"; };
		A426A0F726676B3A0045067B /* HelloNSDict.m */ = {isa = PBXFileReference; lastKnownFileType = sourcecode.c.objc; path = HelloNSDict.m; sourceTree = "<group>"; };
		A426A0FA26676CE20045067B /* HelloNSString.h */ = {isa = PBXFileReference; lastKnownFileType = sourcecode.c.h; path = HelloNSString.h; sourceTree = "<group>"; };
		A426A0FB26676CE20045067B /* HelloNSString.m */ = {isa = PBXFileReference; lastKnownFileType = sourcecode.c.objc; path = HelloNSString.m; sourceTree = "<group>"; };
		A426A0FF26676D120045067B /* HelloCase.h */ = {isa = PBXFileReference; lastKnownFileType = sourcecode.c.h; path = HelloCase.h; sourceTree = "<group>"; };
		A426A10026676D120045067B /* HelloCase.m */ = {isa = PBXFileReference; lastKnownFileType = sourcecode.c.objc; path = HelloCase.m; sourceTree = "<group>"; };
		A426A2952669C1E70045067B /* HelloSingleton.h */ = {isa = PBXFileReference; lastKnownFileType = sourcecode.c.h; path = HelloSingleton.h; sourceTree = "<group>"; };
		A426A2962669C1E70045067B /* HelloSingleton.m */ = {isa = PBXFileReference; lastKnownFileType = sourcecode.c.objc; path = HelloSingleton.m; sourceTree = "<group>"; };
		A426A343266E40260045067B /* Card.h */ = {isa = PBXFileReference; lastKnownFileType = sourcecode.c.h; path = Card.h; sourceTree = "<group>"; };
		A426A344266E40260045067B /* Card.m */ = {isa = PBXFileReference; lastKnownFileType = sourcecode.c.objc; path = Card.m; sourceTree = "<group>"; };
		A426A352266E41420045067B /* Card+Local.h */ = {isa = PBXFileReference; lastKnownFileType = sourcecode.c.h; path = "Card+Local.h"; sourceTree = "<group>"; };
		A426A353266E41420045067B /* Card+Local.m */ = {isa = PBXFileReference; lastKnownFileType = sourcecode.c.objc; path = "Card+Local.m"; sourceTree = "<group>"; };
		A426A356266E41650045067B /* Card+Public.h */ = {isa = PBXFileReference; lastKnownFileType = sourcecode.c.h; path = "Card+Public.h"; sourceTree = "<group>"; };
		A426A357266E41650045067B /* Card+Public.m */ = {isa = PBXFileReference; lastKnownFileType = sourcecode.c.objc; path = "Card+Public.m"; sourceTree = "<group>"; };
		A426A35A266E42220045067B /* CardTest.h */ = {isa = PBXFileReference; lastKnownFileType = sourcecode.c.h; path = CardTest.h; sourceTree = "<group>"; };
		A426A35B266E42220045067B /* CardTest.m */ = {isa = PBXFileReference; lastKnownFileType = sourcecode.c.objc; path = CardTest.m; sourceTree = "<group>"; };
		A4928FD6255D155800D82EF3 /* HelloNil.h */ = {isa = PBXFileReference; lastKnownFileType = sourcecode.c.h; path = HelloNil.h; sourceTree = "<group>"; };
		A4928FD7255D155800D82EF3 /* HelloNil.m */ = {isa = PBXFileReference; lastKnownFileType = sourcecode.c.objc; path = HelloNil.m; sourceTree = "<group>"; };
		A4928FDB255D169600D82EF3 /* PersonFactory.h */ = {isa = PBXFileReference; lastKnownFileType = sourcecode.c.h; path = PersonFactory.h; sourceTree = "<group>"; };
		A4928FDC255D169600D82EF3 /* PersonFactory.m */ = {isa = PBXFileReference; lastKnownFileType = sourcecode.c.objc; path = PersonFactory.m; sourceTree = "<group>"; };
		A4DEF4B7255E5DB00076D5D1 /* ComponentOne.h */ = {isa = PBXFileReference; lastKnownFileType = sourcecode.c.h; path = ComponentOne.h; sourceTree = "<group>"; };
		A4DEF4B8255E5DB00076D5D1 /* ComponentOne.m */ = {isa = PBXFileReference; lastKnownFileType = sourcecode.c.objc; path = ComponentOne.m; sourceTree = "<group>"; };
		A4DEF4BB255E5E0F0076D5D1 /* ComponentTwo.h */ = {isa = PBXFileReference; lastKnownFileType = sourcecode.c.h; path = ComponentTwo.h; sourceTree = "<group>"; };
		A4DEF4BC255E5E0F0076D5D1 /* ComponentTwo.m */ = {isa = PBXFileReference; lastKnownFileType = sourcecode.c.objc; path = ComponentTwo.m; sourceTree = "<group>"; };
		A4DEF4BF255E5E7A0076D5D1 /* Controler.h */ = {isa = PBXFileReference; lastKnownFileType = sourcecode.c.h; path = Controler.h; sourceTree = "<group>"; };
		A4DEF4C0255E5E7A0076D5D1 /* Controler.m */ = {isa = PBXFileReference; lastKnownFileType = sourcecode.c.objc; path = Controler.m; sourceTree = "<group>"; };
		A4DEF4C5255E7A1E0076D5D1 /* HelloBlock.h */ = {isa = PBXFileReference; lastKnownFileType = sourcecode.c.h; path = HelloBlock.h; sourceTree = "<group>"; };
		A4DEF4C6255E7A1E0076D5D1 /* HelloBlock.m */ = {isa = PBXFileReference; lastKnownFileType = sourcecode.c.objc; path = HelloBlock.m; sourceTree = "<group>"; };
		A4DEF4C92562570E0076D5D1 /* HelloExtern.h */ = {isa = PBXFileReference; lastKnownFileType = sourcecode.c.h; path = HelloExtern.h; sourceTree = "<group>"; };
		A4DEF4CA2562570E0076D5D1 /* HelloExtern.m */ = {isa = PBXFileReference; lastKnownFileType = sourcecode.c.objc; path = HelloExtern.m; sourceTree = "<group>"; };
		A4DEF4CF25625FC50076D5D1 /* HelloStaticKeyword.h */ = {isa = PBXFileReference; lastKnownFileType = sourcecode.c.h; path = HelloStaticKeyword.h; sourceTree = "<group>"; };
		A4DEF4D025625FC50076D5D1 /* HelloStaticKeyword.m */ = {isa = PBXFileReference; lastKnownFileType = sourcecode.c.objc; path = HelloStaticKeyword.m; sourceTree = "<group>"; };
/* End PBXFileReference section */

/* Begin PBXFrameworksBuildPhase section */
		0C661E6C25564B1A002BDB7B /* Frameworks */ = {
			isa = PBXFrameworksBuildPhase;
			buildActionMask = 2147483647;
			files = (
			);
			runOnlyForDeploymentPostprocessing = 0;
		};
/* End PBXFrameworksBuildPhase section */

/* Begin PBXGroup section */
		0C1FFA3F2557A7C0008B5CD1 /* ship */ = {
			isa = PBXGroup;
			children = (
				0C1FFA402557A7DD008B5CD1 /* Ship.h */,
				0C1FFA412557A7DD008B5CD1 /* Ship.m */,
			);
			path = ship;
			sourceTree = "<group>";
		};
		0C661E6625564B1A002BDB7B = {
			isa = PBXGroup;
			children = (
				0C661E7125564B1B002BDB7B /* HelloOC */,
				0C661E7025564B1B002BDB7B /* Products */,
			);
			sourceTree = "<group>";
		};
		0C661E7025564B1B002BDB7B /* Products */ = {
			isa = PBXGroup;
			children = (
				0C661E6F25564B1B002BDB7B /* HelloOC */,
			);
			name = Products;
			sourceTree = "<group>";
		};
		0C661E7125564B1B002BDB7B /* HelloOC */ = {
			isa = PBXGroup;
			children = (
				A426A342266E400C0045067B /* category */,
				A426A0FE26676CFA0045067B /* base */,
				A426A0F126676AEB0045067B /* api */,
				A497A814265536D1002DD83E /* extends */,
				A4DEF4CD2562571C0076D5D1 /* keywords */,
				A4DEF4C4255E79C30076D5D1 /* block */,
				A4DEF4AC255E30710076D5D1 /* helloSelector */,
				A4928FD5255D153B00D82EF3 /* hellonil */,
				0C1FFA3F2557A7C0008B5CD1 /* ship */,
				0C661E7225564B1B002BDB7B /* main.m */,
				0C661E7A2556894F002BDB7B /* Fraction.h */,
				0C661E7B2556894F002BDB7B /* Fraction.m */,
				0C661E822556955F002BDB7B /* Person.h */,
				0C661E832556955F002BDB7B /* Person.m */,
				0C1FFA2E2556A142008B5CD1 /* Man.h */,
				0C1FFA2F2556A142008B5CD1 /* Man.m */,
				0C1FFA322556A14C008B5CD1 /* Woman.h */,
				0C1FFA332556A14C008B5CD1 /* Woman.m */,
				0C1FFA3B25579986008B5CD1 /* Person+Relations.h */,
				0C1FFA3C25579986008B5CD1 /* Person+Relations.m */,
				0C1FFA452557A9C5008B5CD1 /* DemoMain.h */,
				0C1FFA462557A9C5008B5CD1 /* DemoMain.m */,
				A4928FDB255D169600D82EF3 /* PersonFactory.h */,
				A4928FDC255D169600D82EF3 /* PersonFactory.m */,
			);
			path = HelloOC;
			sourceTree = "<group>";
		};
		A426A0F126676AEB0045067B /* api */ = {
			isa = PBXGroup;
			children = (
				A426A0F226676B1D0045067B /* HelloNSArray.h */,
				A426A0F326676B1D0045067B /* HelloNSArray.m */,
				A426A0F626676B3A0045067B /* HelloNSDict.h */,
				A426A0F726676B3A0045067B /* HelloNSDict.m */,
				A426A0FA26676CE20045067B /* HelloNSString.h */,
				A426A0FB26676CE20045067B /* HelloNSString.m */,
				A426A2952669C1E70045067B /* HelloSingleton.h */,
				A426A2962669C1E70045067B /* HelloSingleton.m */,
			);
			path = api;
			sourceTree = "<group>";
		};
		A426A0FE26676CFA0045067B /* base */ = {
			isa = PBXGroup;
			children = (
				A426A0FF26676D120045067B /* HelloCase.h */,
				A426A10026676D120045067B /* HelloCase.m */,
			);
			path = base;
			sourceTree = "<group>";
		};
		A426A342266E400C0045067B /* category */ = {
			isa = PBXGroup;
			children = (
				A426A343266E40260045067B /* Card.h */,
				A426A344266E40260045067B /* Card.m */,
				A426A352266E41420045067B /* Card+Local.h */,
				A426A353266E41420045067B /* Card+Local.m */,
				A426A356266E41650045067B /* Card+Public.h */,
				A426A357266E41650045067B /* Card+Public.m */,
				A426A35A266E42220045067B /* CardTest.h */,
				A426A35B266E42220045067B /* CardTest.m */,
			);
			path = category;
			sourceTree = "<group>";
		};
		A4928FD5255D153B00D82EF3 /* hellonil */ = {
			isa = PBXGroup;
			children = (
				A4928FD6255D155800D82EF3 /* HelloNil.h */,
				A4928FD7255D155800D82EF3 /* HelloNil.m */,
			);
			path = hellonil;
			sourceTree = "<group>";
		};
		A497A814265536D1002DD83E /* extends */ = {
			isa = PBXGroup;
			children = (
			);
			path = extends;
			sourceTree = "<group>";
		};
		A4DEF4AC255E30710076D5D1 /* helloSelector */ = {
			isa = PBXGroup;
			children = (
				A4DEF4B6255E5D9E0076D5D1 /* selector1 */,
			);
			path = helloSelector;
			sourceTree = "<group>";
		};
		A4DEF4B6255E5D9E0076D5D1 /* selector1 */ = {
			isa = PBXGroup;
			children = (
				A4DEF4B7255E5DB00076D5D1 /* ComponentOne.h */,
				A4DEF4B8255E5DB00076D5D1 /* ComponentOne.m */,
				A4DEF4BB255E5E0F0076D5D1 /* ComponentTwo.h */,
				A4DEF4BC255E5E0F0076D5D1 /* ComponentTwo.m */,
				A4DEF4BF255E5E7A0076D5D1 /* Controler.h */,
				A4DEF4C0255E5E7A0076D5D1 /* Controler.m */,
			);
			path = selector1;
			sourceTree = "<group>";
		};
		A4DEF4C4255E79C30076D5D1 /* block */ = {
			isa = PBXGroup;
			children = (
				A4DEF4C5255E7A1E0076D5D1 /* HelloBlock.h */,
				A4DEF4C6255E7A1E0076D5D1 /* HelloBlock.m */,
			);
			path = block;
			sourceTree = "<group>";
		};
		A4DEF4CD2562571C0076D5D1 /* keywords */ = {
			isa = PBXGroup;
			children = (
				A4DEF4C92562570E0076D5D1 /* HelloExtern.h */,
				A4DEF4CA2562570E0076D5D1 /* HelloExtern.m */,
				A4DEF4CF25625FC50076D5D1 /* HelloStaticKeyword.h */,
				A4DEF4D025625FC50076D5D1 /* HelloStaticKeyword.m */,
			);
			path = keywords;
			sourceTree = "<group>";
		};
/* End PBXGroup section */

/* Begin PBXNativeTarget section */
		0C661E6E25564B1A002BDB7B /* HelloOC */ = {
			isa = PBXNativeTarget;
			buildConfigurationList = 0C661E7625564B1B002BDB7B /* Build configuration list for PBXNativeTarget "HelloOC" */;
			buildPhases = (
				0C661E6B25564B1A002BDB7B /* Sources */,
				0C661E6C25564B1A002BDB7B /* Frameworks */,
				0C661E6D25564B1A002BDB7B /* CopyFiles */,
			);
			buildRules = (
			);
			dependencies = (
			);
			name = HelloOC;
			productName = HelloOC;
			productReference = 0C661E6F25564B1B002BDB7B /* HelloOC */;
			productType = "com.apple.product-type.tool";
		};
/* End PBXNativeTarget section */

/* Begin PBXProject section */
		0C661E6725564B1A002BDB7B /* Project object */ = {
			isa = PBXProject;
			attributes = {
				LastUpgradeCheck = 1210;
				TargetAttributes = {
					0C661E6E25564B1A002BDB7B = {
						CreatedOnToolsVersion = 12.1;
					};
				};
			};
			buildConfigurationList = 0C661E6A25564B1A002BDB7B /* Build configuration list for PBXProject "HelloOC" */;
			compatibilityVersion = "Xcode 9.3";
			developmentRegion = en;
			hasScannedForEncodings = 0;
			knownRegions = (
				en,
				Base,
			);
			mainGroup = 0C661E6625564B1A002BDB7B;
			productRefGroup = 0C661E7025564B1B002BDB7B /* Products */;
			projectDirPath = "";
			projectRoot = "";
			targets = (
				0C661E6E25564B1A002BDB7B /* HelloOC */,
			);
		};
/* End PBXProject section */

/* Begin PBXSourcesBuildPhase section */
		0C661E6B25564B1A002BDB7B /* Sources */ = {
			isa = PBXSourcesBuildPhase;
			buildActionMask = 2147483647;
			files = (
				A4DEF4D125625FC50076D5D1 /* HelloStaticKeyword.m in Sources */,
				A426A0FC26676CE20045067B /* HelloNSString.m in Sources */,
				A426A35C266E42220045067B /* CardTest.m in Sources */,
				A426A354266E41420045067B /* Card+Local.m in Sources */,
				0C1FFA302556A142008B5CD1 /* Man.m in Sources */,
				A426A2972669C1E70045067B /* HelloSingleton.m in Sources */,
				0C661E842556955F002BDB7B /* Person.m in Sources */,
				A4DEF4BD255E5E0F0076D5D1 /* ComponentTwo.m in Sources */,
				A4928FD8255D155800D82EF3 /* HelloNil.m in Sources */,
				A426A10126676D120045067B /* HelloCase.m in Sources */,
				A4DEF4CB2562570E0076D5D1 /* HelloExtern.m in Sources */,
				A426A345266E40270045067B /* Card.m in Sources */,
				0C1FFA3D25579986008B5CD1 /* Person+Relations.m in Sources */,
				A426A358266E41650045067B /* Card+Public.m in Sources */,
				0C661E7325564B1B002BDB7B /* main.m in Sources */,
				0C661E7C2556894F002BDB7B /* Fraction.m in Sources */,
				A426A0F826676B3A0045067B /* HelloNSDict.m in Sources */,
				A4DEF4B9255E5DB00076D5D1 /* ComponentOne.m in Sources */,
				0C1FFA422557A7DD008B5CD1 /* Ship.m in Sources */,
				A4DEF4C1255E5E7A0076D5D1 /* Controler.m in Sources */,
				0C1FFA342556A14C008B5CD1 /* Woman.m in Sources */,
				A426A0F426676B1D0045067B /* HelloNSArray.m in Sources */,
				0C1FFA472557A9C5008B5CD1 /* DemoMain.m in Sources */,
				A4DEF4C7255E7A1E0076D5D1 /* HelloBlock.m in Sources */,
				A4928FDD255D169600D82EF3 /* PersonFactory.m in Sources */,
			);
			runOnlyForDeploymentPostprocessing = 0;
		};
/* End PBXSourcesBuildPhase section */

/* Begin XCBuildConfiguration section */
		0C661E7425564B1B002BDB7B /* Debug */ = {
			isa = XCBuildConfiguration;
			buildSettings = {
				ALWAYS_SEARCH_USER_PATHS = NO;
				CLANG_ANALYZER_NONNULL = YES;
				CLANG_ANALYZER_NUMBER_OBJECT_CONVERSION = YES_AGGRESSIVE;
				CLANG_CXX_LANGUAGE_STANDARD = "gnu++14";
				CLANG_CXX_LIBRARY = "libc++";
				CLANG_ENABLE_MODULES = YES;
				CLANG_ENABLE_OBJC_ARC = YES;
				CLANG_ENABLE_OBJC_WEAK = YES;
				CLANG_WARN_BLOCK_CAPTURE_AUTORELEASING = YES;
				CLANG_WARN_BOOL_CONVERSION = YES;
				CLANG_WARN_COMMA = YES;
				CLANG_WARN_CONSTANT_CONVERSION = YES;
				CLANG_WARN_DEPRECATED_OBJC_IMPLEMENTATIONS = YES;
				CLANG_WARN_DIRECT_OBJC_ISA_USAGE = YES_ERROR;
				CLANG_WARN_DOCUMENTATION_COMMENTS = YES;
				CLANG_WARN_EMPTY_BODY = YES;
				CLANG_WARN_ENUM_CONVERSION = YES;
				CLANG_WARN_INFINITE_RECURSION = YES;
				CLANG_WARN_INT_CONVERSION = YES;
				CLANG_WARN_NON_LITERAL_NULL_CONVERSION = YES;
				CLANG_WARN_OBJC_IMPLICIT_RETAIN_SELF = YES;
				CLANG_WARN_OBJC_LITERAL_CONVERSION = YES;
				CLANG_WARN_OBJC_ROOT_CLASS = YES_ERROR;
				CLANG_WARN_QUOTED_INCLUDE_IN_FRAMEWORK_HEADER = YES;
				CLANG_WARN_RANGE_LOOP_ANALYSIS = YES;
				CLANG_WARN_STRICT_PROTOTYPES = YES;
				CLANG_WARN_SUSPICIOUS_MOVE = YES;
				CLANG_WARN_UNGUARDED_AVAILABILITY = YES_AGGRESSIVE;
				CLANG_WARN_UNREACHABLE_CODE = YES;
				CLANG_WARN__DUPLICATE_METHOD_MATCH = YES;
				COPY_PHASE_STRIP = NO;
				DEBUG_INFORMATION_FORMAT = dwarf;
				ENABLE_STRICT_OBJC_MSGSEND = YES;
				ENABLE_TESTABILITY = YES;
				GCC_C_LANGUAGE_STANDARD = gnu11;
				GCC_DYNAMIC_NO_PIC = NO;
				GCC_NO_COMMON_BLOCKS = YES;
				GCC_OPTIMIZATION_LEVEL = 0;
				GCC_PREPROCESSOR_DEFINITIONS = (
					"DEBUG=1",
					"$(inherited)",
				);
				GCC_WARN_64_TO_32_BIT_CONVERSION = YES;
				GCC_WARN_ABOUT_RETURN_TYPE = YES_ERROR;
				GCC_WARN_UNDECLARED_SELECTOR = YES;
				GCC_WARN_UNINITIALIZED_AUTOS = YES_AGGRESSIVE;
				GCC_WARN_UNUSED_FUNCTION = YES;
				GCC_WARN_UNUSED_VARIABLE = YES;
				MACOSX_DEPLOYMENT_TARGET = 10.15;
				MTL_ENABLE_DEBUG_INFO = INCLUDE_SOURCE;
				MTL_FAST_MATH = YES;
				ONLY_ACTIVE_ARCH = YES;
				SDKROOT = macosx;
			};
			name = Debug;
		};
		0C661E7525564B1B002BDB7B /* Release */ = {
			isa = XCBuildConfiguration;
			buildSettings = {
				ALWAYS_SEARCH_USER_PATHS = NO;
				CLANG_ANALYZER_NONNULL = YES;
				CLANG_ANALYZER_NUMBER_OBJECT_CONVERSION = YES_AGGRESSIVE;
				CLANG_CXX_LANGUAGE_STANDARD = "gnu++14";
				CLANG_CXX_LIBRARY = "libc++";
				CLANG_ENABLE_MODULES = YES;
				CLANG_ENABLE_OBJC_ARC = YES;
				CLANG_ENABLE_OBJC_WEAK = YES;
				CLANG_WARN_BLOCK_CAPTURE_AUTORELEASING = YES;
				CLANG_WARN_BOOL_CONVERSION = YES;
				CLANG_WARN_COMMA = YES;
				CLANG_WARN_CONSTANT_CONVERSION = YES;
				CLANG_WARN_DEPRECATED_OBJC_IMPLEMENTATIONS = YES;
				CLANG_WARN_DIRECT_OBJC_ISA_USAGE = YES_ERROR;
				CLANG_WARN_DOCUMENTATION_COMMENTS = YES;
				CLANG_WARN_EMPTY_BODY = YES;
				CLANG_WARN_ENUM_CONVERSION = YES;
				CLANG_WARN_INFINITE_RECURSION = YES;
				CLANG_WARN_INT_CONVERSION = YES;
				CLANG_WARN_NON_LITERAL_NULL_CONVERSION = YES;
				CLANG_WARN_OBJC_IMPLICIT_RETAIN_SELF = YES;
				CLANG_WARN_OBJC_LITERAL_CONVERSION = YES;
				CLANG_WARN_OBJC_ROOT_CLASS = YES_ERROR;
				CLANG_WARN_QUOTED_INCLUDE_IN_FRAMEWORK_HEADER = YES;
				CLANG_WARN_RANGE_LOOP_ANALYSIS = YES;
				CLANG_WARN_STRICT_PROTOTYPES = YES;
				CLANG_WARN_SUSPICIOUS_MOVE = YES;
				CLANG_WARN_UNGUARDED_AVAILABILITY = YES_AGGRESSIVE;
				CLANG_WARN_UNREACHABLE_CODE = YES;
				CLANG_WARN__DUPLICATE_METHOD_MATCH = YES;
				COPY_PHASE_STRIP = NO;
				DEBUG_INFORMATION_FORMAT = "dwarf-with-dsym";
				ENABLE_NS_ASSERTIONS = NO;
				ENABLE_STRICT_OBJC_MSGSEND = YES;
				GCC_C_LANGUAGE_STANDARD = gnu11;
				GCC_NO_COMMON_BLOCKS = YES;
				GCC_WARN_64_TO_32_BIT_CONVERSION = YES;
				GCC_WARN_ABOUT_RETURN_TYPE = YES_ERROR;
				GCC_WARN_UNDECLARED_SELECTOR = YES;
				GCC_WARN_UNINITIALIZED_AUTOS = YES_AGGRESSIVE;
				GCC_WARN_UNUSED_FUNCTION = YES;
				GCC_WARN_UNUSED_VARIABLE = YES;
				MACOSX_DEPLOYMENT_TARGET = 10.15;
				MTL_ENABLE_DEBUG_INFO = NO;
				MTL_FAST_MATH = YES;
				SDKROOT = macosx;
			};
			name = Release;
		};
		0C661E7725564B1B002BDB7B /* Debug */ = {
			isa = XCBuildConfiguration;
			buildSettings = {
				CODE_SIGN_STYLE = Automatic;
				PRODUCT_NAME = "$(TARGET_NAME)";
			};
			name = Debug;
		};
		0C661E7825564B1B002BDB7B /* Release */ = {
			isa = XCBuildConfiguration;
			buildSettings = {
				CODE_SIGN_STYLE = Automatic;
				PRODUCT_NAME = "$(TARGET_NAME)";
			};
			name = Release;
		};
/* End XCBuildConfiguration section */

/* Begin XCConfigurationList section */
		0C661E6A25564B1A002BDB7B /* Build configuration list for PBXProject "HelloOC" */ = {
			isa = XCConfigurationList;
			buildConfigurations = (
				0C661E7425564B1B002BDB7B /* Debug */,
				0C661E7525564B1B002BDB7B /* Release */,
			);
			defaultConfigurationIsVisible = 0;
			defaultConfigurationName = Release;
		};
		0C661E7625564B1B002BDB7B /* Build configuration list for PBXNativeTarget "HelloOC" */ = {
			isa = XCConfigurationList;
			buildConfigurations = (
				0C661E7725564B1B002BDB7B /* Debug */,
				0C661E7825564B1B002BDB7B /* Release */,
			);
			defaultConfigurationIsVisible = 0;
			defaultConfigurationName = Release;
		};
/* End XCConfigurationList section */
	};
	rootObject = 0C661E6725564B1A002BDB7B /* Project object */;
}
